[[package]]
name = "pillow"
version = "11.1.0"
description = "Python Imaging Library (Fork)"
category = "main"
optional = false
python-versions = ">=3.9"

[package.extras]
docs = ["furo", "olefile", "sphinx (>=8.1)", "sphinx-copybutton", "sphinx-inline-tabs", "sphinxext-opengraph"]
fpx = ["olefile"]
mic = ["olefile"]
tests = ["check-manifest", "coverage (>=7.4.2)", "defusedxml", "markdown2", "olefile", "packaging", "pyroma", "pytest", "pytest-cov", "pytest-timeout", "trove-classifiers (>=2024.10.12)"]
typing = ["typing-extensions"]
xmp = ["defusedxml"]

[metadata]
lock-version = "1.1"
python-versions = "^3.10"
content-hash = "48ffa1f3f04bc24956708e32bd2a0cec07ef6bb5cce5025fea351747d1d4ec9d"

[metadata.files]
pillow = []
